// !$*UTF8*$!
{
	archiveVersion = 1;
	classes = {
	};
	objectVersion = 56;
	objects = {

/* Begin PBXBuildFile section */
		161EABE72AAAE919000064AA /* iOS_stuff_idkApp.swift in Sources */ = {isa = PBXBuildFile; fileRef = 161EABE62AAAE919000064AA /* iOS_stuff_idkApp.swift */; };
		161EABE92AAAE919000064AA /* ContentView.swift in Sources */ = {isa = PBXBuildFile; fileRef = 161EABE82AAAE919000064AA /* ContentView.swift */; };
		161EABEB2AAAE91D000064AA /* Assets.xcassets in Resources */ = {isa = PBXBuildFile; fileRef = 161EABEA2AAAE91C000064AA /* Assets.xcassets */; };
		161EABEE2AAAE91D000064AA /* Preview Assets.xcassets in Resources */ = {isa = PBXBuildFile; fileRef = 161EABED2AAAE91D000064AA /* Preview Assets.xcassets */; };
		161EABF82AAAE91D000064AA /* iOS_stuff_idkTests.swift in Sources */ = {isa = PBXBuildFile; fileRef = 161EABF72AAAE91D000064AA /* iOS_stuff_idkTests.swift */; };
		161EAC022AAAE91D000064AA /* iOS_stuff_idkUITests.swift in Sources */ = {isa = PBXBuildFile; fileRef = 161EAC012AAAE91D000064AA /* iOS_stuff_idkUITests.swift */; };
		161EAC042AAAE91D000064AA /* iOS_stuff_idkUITestsLaunchTests.swift in Sources */ = {isa = PBXBuildFile; fileRef = 161EAC032AAAE91D000064AA /* iOS_stuff_idkUITestsLaunchTests.swift */; };
/* End PBXBuildFile section */

/* Begin PBXContainerItemProxy section */
		161EABF42AAAE91D000064AA /* PBXContainerItemProxy */ = {
			isa = PBXContainerItemProxy;
			containerPortal = 161EABDB2AAAE919000064AA /* Project object */;
			proxyType = 1;
			remoteGlobalIDString = 161EABE22AAAE919000064AA;
			remoteInfo = "iOS stuff idk";
		};
		161EABFE2AAAE91D000064AA /* PBXContainerItemProxy */ = {
			isa = PBXContainerItemProxy;
			containerPortal = 161EABDB2AAAE919000064AA /* Project object */;
			proxyType = 1;
			remoteGlobalIDString = 161EABE22AAAE919000064AA;
			remoteInfo = "iOS stuff idk";
		};
/* End PBXContainerItemProxy section */

/* Begin PBXFileReference section */
		161EABE32AAAE919000064AA /* iOS stuff idk.app */ = {isa = PBXFileReference; explicitFileType = wrapper.application; includeInIndex = 0; path = "iOS stuff idk.app"; sourceTree = BUILT_PRODUCTS_DIR; };
		161EABE62AAAE919000064AA /* iOS_stuff_idkApp.swift */ = {isa = PBXFileReference; lastKnownFileType = sourcecode.swift; path = iOS_stuff_idkApp.swift; sourceTree = "<group>"; };
		161EABE82AAAE919000064AA /* ContentView.swift */ = {isa = PBXFileReference; lastKnownFileType = sourcecode.swift; path = ContentView.swift; sourceTree = "<group>"; };
		161EABEA2AAAE91C000064AA /* Assets.xcassets */ = {isa = PBXFileReference; lastKnownFileType = folder.assetcatalog; path = Assets.xcassets; sourceTree = "<group>"; };
		161EABED2AAAE91D000064AA /* Preview Assets.xcassets */ = {isa = PBXFileReference; lastKnownFileType = folder.assetcatalog; path = "Preview Assets.xcassets"; sourceTree = "<group>"; };
		161EABF32AAAE91D000064AA /* iOS stuff idkTests.xctest */ = {isa = PBXFileReference; explicitFileType = wrapper.cfbundle; includeInIndex = 0; path = "iOS stuff idkTests.xctest"; sourceTree = BUILT_PRODUCTS_DIR; };
		161EABF72AAAE91D000064AA /* iOS_stuff_idkTests.swift */ = {isa = PBXFileReference; lastKnownFileType = sourcecode.swift; path = iOS_stuff_idkTests.swift; sourceTree = "<group>"; };
		161EABFD2AAAE91D000064AA /* iOS stuff idkUITests.xctest */ = {isa = PBXFileReference; explicitFileType = wrapper.cfbundle; includeInIndex = 0; path = "iOS stuff idkUITests.xctest"; sourceTree = BUILT_PRODUCTS_DIR; };
		161EAC012AAAE91D000064AA /* iOS_stuff_idkUITests.swift */ = {isa = PBXFileReference; lastKnownFileType = sourcecode.swift; path = iOS_stuff_idkUITests.swift; sourceTree = "<group>"; };
		161EAC032AAAE91D000064AA /* iOS_stuff_idkUITestsLaunchTests.swift */ = {isa = PBXFileReference; lastKnownFileType = sourcecode.swift; path = iOS_stuff_idkUITestsLaunchTests.swift; sourceTree = "<group>"; };
/* End PBXFileReference section */

/* Begin PBXFrameworksBuildPhase section */
		161EABE02AAAE919000064AA /* Frameworks */ = {
			isa = PBXFrameworksBuildPhase;
			buildActionMask = 2147483647;
			files = (
			);
			runOnlyForDeploymentPostprocessing = 0;
		};
		161EABF02AAAE91D000064AA /* Frameworks */ = {
			isa = PBXFrameworksBuildPhase;
			buildActionMask = 2147483647;
			files = (
			);
			runOnlyForDeploymentPostprocessing = 0;
		};
		161EABFA2AAAE91D000064AA /* Frameworks */ = {
			isa = PBXFrameworksBuildPhase;
			buildActionMask = 2147483647;
			files = (
			);
			runOnlyForDeploymentPostprocessing = 0;
		};
/* End PBXFrameworksBuildPhase section */

/* Begin PBXGroup section */
		161EABDA2AAAE919000064AA = {
			isa = PBXGroup;
			children = (
				161EABE52AAAE919000064AA /* iOS stuff idk */,
				161EABF62AAAE91D000064AA /* iOS stuff idkTests */,
				161EAC002AAAE91D000064AA /* iOS stuff idkUITests */,
				161EABE42AAAE919000064AA /* Products */,
			);
			sourceTree = "<group>";
		};
		161EABE42AAAE919000064AA /* Products */ = {
			isa = PBXGroup;
			children = (
				161EABE32AAAE919000064AA /* iOS stuff idk.app */,
				161EABF32AAAE91D000064AA /* iOS stuff idkTests.xctest */,
				161EABFD2AAAE91D000064AA /* iOS stuff idkUITests.xctest */,
			);
			name = Products;
			sourceTree = "<group>";
		};
		161EABE52AAAE919000064AA /* iOS stuff idk */ = {
			isa = PBXGroup;
			children = (
				161EABE62AAAE919000064AA /* iOS_stuff_idkApp.swift */,
				161EABE82AAAE919000064AA /* ContentView.swift */,
				161EABEA2AAAE91C000064AA /* Assets.xcassets */,
				161EABEC2AAAE91D000064AA /* Preview Content */,
			);
			path = "iOS stuff idk";
			sourceTree = "<group>";
		};
		161EABEC2AAAE91D000064AA /* Preview Content */ = {
			isa = PBXGroup;
			children = (
				161EABED2AAAE91D000064AA /* Preview Assets.xcassets */,
			);
			path = "Preview Content";
			sourceTree = "<group>";
		};
		161EABF62AAAE91D000064AA /* iOS stuff idkTests */ = {
			isa = PBXGroup;
			children = (
				161EABF72AAAE91D000064AA /* iOS_stuff_idkTests.swift */,
			);
			path = "iOS stuff idkTests";
			sourceTree = "<group>";
		};
		161EAC002AAAE91D000064AA /* iOS stuff idkUITests */ = {
			isa = PBXGroup;
			children = (
				161EAC012AAAE91D000064AA /* iOS_stuff_idkUITests.swift */,
				161EAC032AAAE91D000064AA /* iOS_stuff_idkUITestsLaunchTests.swift */,
			);
			path = "iOS stuff idkUITests";
			sourceTree = "<group>";
		};
/* End PBXGroup section */

/* Begin PBXNativeTarget section */
		161EABE22AAAE919000064AA /* iOS stuff idk */ = {
			isa = PBXNativeTarget;
			buildConfigurationList = 161EAC072AAAE91D000064AA /* Build configuration list for PBXNativeTarget "iOS stuff idk" */;
			buildPhases = (
				161EABDF2AAAE919000064AA /* Sources */,
				161EABE02AAAE919000064AA /* Frameworks */,
				161EABE12AAAE919000064AA /* Resources */,
			);
			buildRules = (
			);
			dependencies = (
			);
			name = "iOS stuff idk";
			productName = "iOS stuff idk";
			productReference = 161EABE32AAAE919000064AA /* iOS stuff idk.app */;
			productType = "com.apple.product-type.application";
		};
		161EABF22AAAE91D000064AA /* iOS stuff idkTests */ = {
			isa = PBXNativeTarget;
			buildConfigurationList = 161EAC0A2AAAE91D000064AA /* Build configuration list for PBXNativeTarget "iOS stuff idkTests" */;
			buildPhases = (
				161EABEF2AAAE91D000064AA /* Sources */,
				161EABF02AAAE91D000064AA /* Frameworks */,
				161EABF12AAAE91D000064AA /* Resources */,
			);
			buildRules = (
			);
			dependencies = (
				161EABF52AAAE91D000064AA /* PBXTargetDependency */,
			);
			name = "iOS stuff idkTests";
			productName = "iOS stuff idkTests";
			productReference = 161EABF32AAAE91D000064AA /* iOS stuff idkTests.xctest */;
			productType = "com.apple.product-type.bundle.unit-test";
		};
		161EABFC2AAAE91D000064AA /* iOS stuff idkUITests */ = {
			isa = PBXNativeTarget;
			buildConfigurationList = 161EAC0D2AAAE91D000064AA /* Build configuration list for PBXNativeTarget "iOS stuff idkUITests" */;
			buildPhases = (
				161EABF92AAAE91D000064AA /* Sources */,
				161EABFA2AAAE91D000064AA /* Frameworks */,
				161EABFB2AAAE91D000064AA /* Resources */,
			);
			buildRules = (
			);
			dependencies = (
				161EABFF2AAAE91D000064AA /* PBXTargetDependency */,
			);
			name = "iOS stuff idkUITests";
			productName = "iOS stuff idkUITests";
			productReference = 161EABFD2AAAE91D000064AA /* iOS stuff idkUITests.xctest */;
			productType = "com.apple.product-type.bundle.ui-testing";
		};
/* End PBXNativeTarget section */

/* Begin PBXProject section */
		161EABDB2AAAE919000064AA /* Project object */ = {
			isa = PBXProject;
			attributes = {
				BuildIndependentTargetsInParallel = 1;
				LastSwiftUpdateCheck = 1500;
				LastUpgradeCheck = 1500;
				TargetAttributes = {
					161EABE22AAAE919000064AA = {
						CreatedOnToolsVersion = 15.0;
					};
					161EABF22AAAE91D000064AA = {
						CreatedOnToolsVersion = 15.0;
						TestTargetID = 161EABE22AAAE919000064AA;
					};
					161EABFC2AAAE91D000064AA = {
						CreatedOnToolsVersion = 15.0;
						TestTargetID = 161EABE22AAAE919000064AA;
					};
				};
			};
			buildConfigurationList = 161EABDE2AAAE919000064AA /* Build configuration list for PBXProject "iOS stuff idk" */;
			compatibilityVersion = "Xcode 14.0";
			developmentRegion = en;
			hasScannedForEncodings = 0;
			knownRegions = (
				en,
				Base,
			);
			mainGroup = 161EABDA2AAAE919000064AA;
			productRefGroup = 161EABE42AAAE919000064AA /* Products */;
			projectDirPath = "";
			projectRoot = "";
			targets = (
				161EABE22AAAE919000064AA /* iOS stuff idk */,
				161EABF22AAAE91D000064AA /* iOS stuff idkTests */,
				161EABFC2AAAE91D000064AA /* iOS stuff idkUITests */,
			);
		};
/* End PBXProject section */

/* Begin PBXResourcesBuildPhase section */
		161EABE12AAAE919000064AA /* Resources */ = {
			isa = PBXResourcesBuildPhase;
			buildActionMask = 2147483647;
			files = (
				161EABEE2AAAE91D000064AA /* Preview Assets.xcassets in Resources */,
				161EABEB2AAAE91D000064AA /* Assets.xcassets in Resources */,
			);
			runOnlyForDeploymentPostprocessing = 0;
		};
		161EABF12AAAE91D000064AA /* Resources */ = {
			isa = PBXResourcesBuildPhase;
			buildActionMask = 2147483647;
			files = (
			);
			runOnlyForDeploymentPostprocessing = 0;
		};
		161EABFB2AAAE91D000064AA /* Resources */ = {
			isa = PBXResourcesBuildPhase;
			buildActionMask = 2147483647;
			files = (
			);
			runOnlyForDeploymentPostprocessing = 0;
		};
/* End PBXResourcesBuildPhase section */

/* Begin PBXSourcesBuildPhase section */
		161EABDF2AAAE919000064AA /* Sources */ = {
			isa = PBXSourcesBuildPhase;
			buildActionMask = 2147483647;
			files = (
				161EABE92AAAE919000064AA /* ContentView.swift in Sources */,
				161EABE72AAAE919000064AA /* iOS_stuff_idkApp.swift in Sources */,
			);
			runOnlyForDeploymentPostprocessing = 0;
		};
		161EABEF2AAAE91D000064AA /* Sources */ = {
			isa = PBXSourcesBuildPhase;
			buildActionMask = 2147483647;
			files = (
				161EABF82AAAE91D000064AA /* iOS_stuff_idkTests.swift in Sources */,
			);
			runOnlyForDeploymentPostprocessing = 0;
		};
		161EABF92AAAE91D000064AA /* Sources */ = {
			isa = PBXSourcesBuildPhase;
			buildActionMask = 2147483647;
			files = (
				161EAC042AAAE91D000064AA /* iOS_stuff_idkUITestsLaunchTests.swift in Sources */,
				161EAC022AAAE91D000064AA /* iOS_stuff_idkUITests.swift in Sources */,
			);
			runOnlyForDeploymentPostprocessing = 0;
		};
/* End PBXSourcesBuildPhase section */

/* Begin PBXTargetDependency section */
		161EABF52AAAE91D000064AA /* PBXTargetDependency */ = {
			isa = PBXTargetDependency;
			target = 161EABE22AAAE919000064AA /* iOS stuff idk */;
			targetProxy = 161EABF42AAAE91D000064AA /* PBXContainerItemProxy */;
		};
		161EABFF2AAAE91D000064AA /* PBXTargetDependency */ = {
			isa = PBXTargetDependency;
			target = 161EABE22AAAE919000064AA /* iOS stuff idk */;
			targetProxy = 161EABFE2AAAE91D000064AA /* PBXContainerItemProxy */;
		};
/* End PBXTargetDependency section */

/* Begin XCBuildConfiguration section */
		161EAC052AAAE91D000064AA /* Debug */ = {
			isa = XCBuildConfiguration;
			buildSettings = {
				ALWAYS_SEARCH_USER_PATHS = NO;
				ASSETCATALOG_COMPILER_GENERATE_SWIFT_ASSET_SYMBOL_EXTENSIONS = YES;
				CLANG_ANALYZER_NONNULL = YES;
				CLANG_ANALYZER_NUMBER_OBJECT_CONVERSION = YES_AGGRESSIVE;
				CLANG_CXX_LANGUAGE_STANDARD = "gnu++20";
				CLANG_ENABLE_MODULES = YES;
				CLANG_ENABLE_OBJC_ARC = YES;
				CLANG_ENABLE_OBJC_WEAK = YES;
				CLANG_WARN_BLOCK_CAPTURE_AUTORELEASING = YES;
				CLANG_WARN_BOOL_CONVERSION = YES;
				CLANG_WARN_COMMA = YES;
				CLANG_WARN_CONSTANT_CONVERSION = YES;
				CLANG_WARN_DEPRECATED_OBJC_IMPLEMENTATIONS = YES;
				CLANG_WARN_DIRECT_OBJC_ISA_USAGE = YES_ERROR;
				CLANG_WARN_DOCUMENTATION_COMMENTS = YES;
				CLANG_WARN_EMPTY_BODY = YES;
				CLANG_WARN_ENUM_CONVERSION = YES;
				CLANG_WARN_INFINITE_RECURSION = YES;
				CLANG_WARN_INT_CONVERSION = YES;
				CLANG_WARN_NON_LITERAL_NULL_CONVERSION = YES;
				CLANG_WARN_OBJC_IMPLICIT_RETAIN_SELF = YES;
				CLANG_WARN_OBJC_LITERAL_CONVERSION = YES;
				CLANG_WARN_OBJC_ROOT_CLASS = YES_ERROR;
				CLANG_WARN_QUOTED_INCLUDE_IN_FRAMEWORK_HEADER = YES;
				CLANG_WARN_RANGE_LOOP_ANALYSIS = YES;
				CLANG_WARN_STRICT_PROTOTYPES = YES;
				CLANG_WARN_SUSPICIOUS_MOVE = YES;
				CLANG_WARN_UNGUARDED_AVAILABILITY = YES_AGGRESSIVE;
				CLANG_WARN_UNREACHABLE_CODE = YES;
				CLANG_WARN__DUPLICATE_METHOD_MATCH = YES;
				COPY_PHASE_STRIP = NO;
				DEBUG_INFORMATION_FORMAT = dwarf;
				ENABLE_STRICT_OBJC_MSGSEND = YES;
				ENABLE_TESTABILITY = YES;
				ENABLE_USER_SCRIPT_SANDBOXING = YES;
				GCC_C_LANGUAGE_STANDARD = gnu17;
				GCC_DYNAMIC_NO_PIC = NO;
				GCC_NO_COMMON_BLOCKS = YES;
				GCC_OPTIMIZATION_LEVEL = 0;
				GCC_PREPROCESSOR_DEFINITIONS = (
					"DEBUG=1",
					"$(inherited)",
				);
				GCC_WARN_64_TO_32_BIT_CONVERSION = YES;
				GCC_WARN_ABOUT_RETURN_TYPE = YES_ERROR;
				GCC_WARN_UNDECLARED_SELECTOR = YES;
				GCC_WARN_UNINITIALIZED_AUTOS = YES_AGGRESSIVE;
				GCC_WARN_UNUSED_FUNCTION = YES;
				GCC_WARN_UNUSED_VARIABLE = YES;
				IPHONEOS_DEPLOYMENT_TARGET = 17.0;
				LOCALIZATION_PREFERS_STRING_CATALOGS = YES;
				MTL_ENABLE_DEBUG_INFO = INCLUDE_SOURCE;
				MTL_FAST_MATH = YES;
				ONLY_ACTIVE_ARCH = YES;
				SDKROOT = iphoneos;
				SWIFT_ACTIVE_COMPILATION_CONDITIONS = "DEBUG $(inherited)";
				SWIFT_OPTIMIZATION_LEVEL = "-Onone";
			};
			name = Debug;
		};
		161EAC062AAAE91D000064AA /* Release */ = {
			isa = XCBuildConfiguration;
			buildSettings = {
				ALWAYS_SEARCH_USER_PATHS = NO;
				ASSETCATALOG_COMPILER_GENERATE_SWIFT_ASSET_SYMBOL_EXTENSIONS = YES;
				CLANG_ANALYZER_NONNULL = YES;
				CLANG_ANALYZER_NUMBER_OBJECT_CONVERSION = YES_AGGRESSIVE;
				CLANG_CXX_LANGUAGE_STANDARD = "gnu++20";
				CLANG_ENABLE_MODULES = YES;
				CLANG_ENABLE_OBJC_ARC = YES;
				CLANG_ENABLE_OBJC_WEAK = YES;
				CLANG_WARN_BLOCK_CAPTURE_AUTORELEASING = YES;
				CLANG_WARN_BOOL_CONVERSION = YES;
				CLANG_WARN_COMMA = YES;
				CLANG_WARN_CONSTANT_CONVERSION = YES;
				CLANG_WARN_DEPRECATED_OBJC_IMPLEMENTATIONS = YES;
				CLANG_WARN_DIRECT_OBJC_ISA_USAGE = YES_ERROR;
				CLANG_WARN_DOCUMENTATION_COMMENTS = YES;
				CLANG_WARN_EMPTY_BODY = YES;
				CLANG_WARN_ENUM_CONVERSION = YES;
				CLANG_WARN_INFINITE_RECURSION = YES;
				CLANG_WARN_INT_CONVERSION = YES;
				CLANG_WARN_NON_LITERAL_NULL_CONVERSION = YES;
				CLANG_WARN_OBJC_IMPLICIT_RETAIN_SELF = YES;
				CLANG_WARN_OBJC_LITERAL_CONVERSION = YES;
				CLANG_WARN_OBJC_ROOT_CLASS = YES_ERROR;
				CLANG_WARN_QUOTED_INCLUDE_IN_FRAMEWORK_HEADER = YES;
				CLANG_WARN_RANGE_LOOP_ANALYSIS = YES;
				CLANG_WARN_STRICT_PROTOTYPES = YES;
				CLANG_WARN_SUSPICIOUS_MOVE = YES;
				CLANG_WARN_UNGUARDED_AVAILABILITY = YES_AGGRESSIVE;
				CLANG_WARN_UNREACHABLE_CODE = YES;
				CLANG_WARN__DUPLICATE_METHOD_MATCH = YES;
				COPY_PHASE_STRIP = NO;
				DEBUG_INFORMATION_FORMAT = "dwarf-with-dsym";
				ENABLE_NS_ASSERTIONS = NO;
				ENABLE_STRICT_OBJC_MSGSEND = YES;
				ENABLE_USER_SCRIPT_SANDBOXING = YES;
				GCC_C_LANGUAGE_STANDARD = gnu17;
				GCC_NO_COMMON_BLOCKS = YES;
				GCC_WARN_64_TO_32_BIT_CONVERSION = YES;
				GCC_WARN_ABOUT_RETURN_TYPE = YES_ERROR;
				GCC_WARN_UNDECLARED_SELECTOR = YES;
				GCC_WARN_UNINITIALIZED_AUTOS = YES_AGGRESSIVE;
				GCC_WARN_UNUSED_FUNCTION = YES;
				GCC_WARN_UNUSED_VARIABLE = YES;
				IPHONEOS_DEPLOYMENT_TARGET = 17.0;
				LOCALIZATION_PREFERS_STRING_CATALOGS = YES;
				MTL_ENABLE_DEBUG_INFO = NO;
				MTL_FAST_MATH = YES;
				SDKROOT = iphoneos;
				SWIFT_COMPILATION_MODE = wholemodule;
				VALIDATE_PRODUCT = YES;
			};
			name = Release;
		};
		161EAC082AAAE91D000064AA /* Debug */ = {
			isa = XCBuildConfiguration;
			buildSettings = {
				ASSETCATALOG_COMPILER_APPICON_NAME = AppIcon;
				ASSETCATALOG_COMPILER_GLOBAL_ACCENT_COLOR_NAME = AccentColor;
				CODE_SIGN_STYLE = Automatic;
				CURRENT_PROJECT_VERSION = 1;
				DEVELOPMENT_ASSET_PATHS = "\"iOS stuff idk/Preview Content\"";
				DEVELOPMENT_TEAM = TWBG4Z8LSX;
				ENABLE_PREVIEWS = YES;
				GENERATE_INFOPLIST_FILE = YES;
				INFOPLIST_KEY_UIApplicationSceneManifest_Generation = YES;
				INFOPLIST_KEY_UIApplicationSupportsIndirectInputEvents = YES;
				INFOPLIST_KEY_UILaunchScreen_Generation = YES;
				INFOPLIST_KEY_UISupportedInterfaceOrientations_iPad = "UIInterfaceOrientationPortrait UIInterfaceOrientationPortraitUpsideDown UIInterfaceOrientationLandscapeLeft UIInterfaceOrientationLandscapeRight";
				INFOPLIST_KEY_UISupportedInterfaceOrientations_iPhone = "UIInterfaceOrientationPortrait UIInterfaceOrientationLandscapeLeft UIInterfaceOrientationLandscapeRight";
				LD_RUNPATH_SEARCH_PATHS = (
					"$(inherited)",
					"@executable_path/Frameworks",
				);
				MARKETING_VERSION = 1.0;
				PRODUCT_BUNDLE_IDENTIFIER = "dev.luminescent.iOS-stuff-idk";
				PRODUCT_NAME = "$(TARGET_NAME)";
				SWIFT_EMIT_LOC_STRINGS = YES;
				SWIFT_VERSION = 5.0;
				TARGETED_DEVICE_FAMILY = "1,2";
			};
			name = Debug;
		};
		161EAC092AAAE91D000064AA /* Release */ = {
			isa = XCBuildConfiguration;
			buildSettings = {
				ASSETCATALOG_COMPILER_APPICON_NAME = AppIcon;
				ASSETCATALOG_COMPILER_GLOBAL_ACCENT_COLOR_NAME = AccentColor;
				CODE_SIGN_STYLE = Automatic;
				CURRENT_PROJECT_VERSION = 1;
				DEVELOPMENT_ASSET_PATHS = "\"iOS stuff idk/Preview Content\"";
				DEVELOPMENT_TEAM = TWBG4Z8LSX;
				ENABLE_PREVIEWS = YES;
				GENERATE_INFOPLIST_FILE = YES;
				INFOPLIST_KEY_UIApplicationSceneManifest_Generation = YES;
				INFOPLIST_KEY_UIApplicationSupportsIndirectInputEvents = YES;
				INFOPLIST_KEY_UILaunchScreen_Generation = YES;
				INFOPLIST_KEY_UISupportedInterfaceOrientations_iPad = "UIInterfaceOrientationPortrait UIInterfaceOrientationPortraitUpsideDown UIInterfaceOrientationLandscapeLeft UIInterfaceOrientationLandscapeRight";
				INFOPLIST_KEY_UISupportedInterfaceOrientations_iPhone = "UIInterfaceOrientationPortrait UIInterfaceOrientationLandscapeLeft UIInterfaceOrientationLandscapeRight";
				LD_RUNPATH_SEARCH_PATHS = (
					"$(inherited)",
					"@executable_path/Frameworks",
				);
				MARKETING_VERSION = 1.0;
				PRODUCT_BUNDLE_IDENTIFIER = "dev.luminescent.iOS-stuff-idk";
				PRODUCT_NAME = "$(TARGET_NAME)";
				SWIFT_EMIT_LOC_STRINGS = YES;
				SWIFT_VERSION = 5.0;
				TARGETED_DEVICE_FAMILY = "1,2";
			};
			name = Release;
		};
		161EAC0B2AAAE91D000064AA /* Debug */ = {
			isa = XCBuildConfiguration;
			buildSettings = {
				ALWAYS_EMBED_SWIFT_STANDARD_LIBRARIES = YES;
				BUNDLE_LOADER = "$(TEST_HOST)";
				CODE_SIGN_STYLE = Automatic;
				CURRENT_PROJECT_VERSION = 1;
				DEVELOPMENT_TEAM = TWBG4Z8LSX;
				GENERATE_INFOPLIST_FILE = YES;
				IPHONEOS_DEPLOYMENT_TARGET = 17.0;
				MARKETING_VERSION = 1.0;
				PRODUCT_BUNDLE_IDENTIFIER = "dev.luminescent.iOS-stuff-idkTests";
				PRODUCT_NAME = "$(TARGET_NAME)";
				SWIFT_EMIT_LOC_STRINGS = NO;
				SWIFT_VERSION = 5.0;
				TARGETED_DEVICE_FAMILY = "1,2";
				TEST_HOST = "$(BUILT_PRODUCTS_DIR)/iOS stuff idk.app/$(BUNDLE_EXECUTABLE_FOLDER_PATH)/iOS stuff idk";
			};
			name = Debug;
		};
		161EAC0C2AAAE91D000064AA /* Release */ = {
			isa = XCBuildConfiguration;
			buildSettings = {
				ALWAYS_EMBED_SWIFT_STANDARD_LIBRARIES = YES;
				BUNDLE_LOADER = "$(TEST_HOST)";
				CODE_SIGN_STYLE = Automatic;
				CURRENT_PROJECT_VERSION = 1;
				DEVELOPMENT_TEAM = TWBG4Z8LSX;
				GENERATE_INFOPLIST_FILE = YES;
				IPHONEOS_DEPLOYMENT_TARGET = 17.0;
				MARKETING_VERSION = 1.0;
				PRODUCT_BUNDLE_IDENTIFIER = "dev.luminescent.iOS-stuff-idkTests";
				PRODUCT_NAME = "$(TARGET_NAME)";
				SWIFT_EMIT_LOC_STRINGS = NO;
				SWIFT_VERSION = 5.0;
				TARGETED_DEVICE_FAMILY = "1,2";
				TEST_HOST = "$(BUILT_PRODUCTS_DIR)/iOS stuff idk.app/$(BUNDLE_EXECUTABLE_FOLDER_PATH)/iOS stuff idk";
			};
			name = Release;
		};
		161EAC0E2AAAE91D000064AA /* Debug */ = {
			isa = XCBuildConfiguration;
			buildSettings = {
				ALWAYS_EMBED_SWIFT_STANDARD_LIBRARIES = YES;
				CODE_SIGN_STYLE = Automatic;
				CURRENT_PROJECT_VERSION = 1;
				DEVELOPMENT_TEAM = TWBG4Z8LSX;
				GENERATE_INFOPLIST_FILE = YES;
				MARKETING_VERSION = 1.0;
				PRODUCT_BUNDLE_IDENTIFIER = "dev.luminescent.iOS-stuff-idkUITests";
				PRODUCT_NAME = "$(TARGET_NAME)";
				SWIFT_EMIT_LOC_STRINGS = NO;
				SWIFT_VERSION = 5.0;
				TARGETED_DEVICE_FAMILY = "1,2";
				TEST_TARGET_NAME = "iOS stuff idk";
			};
			name = Debug;
		};
		161EAC0F2AAAE91D000064AA /* Release */ = {
			isa = XCBuildConfiguration;
			buildSettings = {
				ALWAYS_EMBED_SWIFT_STANDARD_LIBRARIES = YES;
				CODE_SIGN_STYLE = Automatic;
				CURRENT_PROJECT_VERSION = 1;
				DEVELOPMENT_TEAM = TWBG4Z8LSX;
				GENERATE_INFOPLIST_FILE = YES;
				MARKETING_VERSION = 1.0;
				PRODUCT_BUNDLE_IDENTIFIER = "dev.luminescent.iOS-stuff-idkUITests";
				PRODUCT_NAME = "$(TARGET_NAME)";
				SWIFT_EMIT_LOC_STRINGS = NO;
				SWIFT_VERSION = 5.0;
				TARGETED_DEVICE_FAMILY = "1,2";
				TEST_TARGET_NAME = "iOS stuff idk";
			};
			name = Release;
		};
/* End XCBuildConfiguration section */

/* Begin XCConfigurationList section */
		161EABDE2AAAE919000064AA /* Build configuration list for PBXProject "iOS stuff idk" */ = {
			isa = XCConfigurationList;
			buildConfigurations = (
				161EAC052AAAE91D000064AA /* Debug */,
				161EAC062AAAE91D000064AA /* Release */,
			);
			defaultConfigurationIsVisible = 0;
			defaultConfigurationName = Release;
		};
		161EAC072AAAE91D000064AA /* Build configuration list for PBXNativeTarget "iOS stuff idk" */ = {
			isa = XCConfigurationList;
			buildConfigurations = (
				161EAC082AAAE91D000064AA /* Debug */,
				161EAC092AAAE91D000064AA /* Release */,
			);
			defaultConfigurationIsVisible = 0;
			defaultConfigurationName = Release;
		};
		161EAC0A2AAAE91D000064AA /* Build configuration list for PBXNativeTarget "iOS stuff idkTests" */ = {
			isa = XCConfigurationList;
			buildConfigurations = (
				161EAC0B2AAAE91D000064AA /* Debug */,
				161EAC0C2AAAE91D000064AA /* Release */,
			);
			defaultConfigurationIsVisible = 0;
			defaultConfigurationName = Release;
		};
		161EAC0D2AAAE91D000064AA /* Build configuration list for PBXNativeTarget "iOS stuff idkUITests" */ = {
			isa = XCConfigurationList;
			buildConfigurations = (
				161EAC0E2AAAE91D000064AA /* Debug */,
				161EAC0F2AAAE91D000064AA /* Release */,
			);
			defaultConfigurationIsVisible = 0;
			defaultConfigurationName = Release;
		};
/* End XCConfigurationList section */
	};
	rootObject = 161EABDB2AAAE919000064AA /* Project object */;
}
